// !$*UTF8*$!
{
	archiveVersion = 1;
	classes = {
	};
	objectVersion = 77;
	objects = {

/* Begin PBXBuildFile section */
		027612132C13C749817C5B13 /* ScanViewModel.swift in Sources */ = {isa = PBXBuildFile; fileRef = CB74C190900C646B945427FB /* ScanViewModel.swift */; };
		03A5C309BC062AE97110023D /* InterpretationReviewViews.swift in Sources */ = {isa = PBXBuildFile; fileRef = 6EE5803848C6949D05762FAD /* InterpretationReviewViews.swift */; };
		066CFD400780C1D7BD1ED0AA /* IntelligencePolicy.swift in Sources */ = {isa = PBXBuildFile; fileRef = D3798FF039CE3C28B1C54761 /* IntelligencePolicy.swift */; };
		071BA06AFB1CA36EB2D65BD1 /* ScanFlowViews.swift in Sources */ = {isa = PBXBuildFile; fileRef = A9BE3C61707DF08BEE6EC9B3 /* ScanFlowViews.swift */; };
		08CB0F2787F589C0AABDA003 /* EventReviewViewModel+Interpretation.swift in Sources */ = {isa = PBXBuildFile; fileRef = CF8898168BD83A0BF6DA692A /* EventReviewViewModel+Interpretation.swift */; };
		0EC46973BCA434CE74478472 /* InterpretationRecordTests.swift in Sources */ = {isa = PBXBuildFile; fileRef = CAFA1093859A31B599707112 /* InterpretationRecordTests.swift */; };
		12B4374B0516C77DCCE73121 /* MarketingKitView.swift in Sources */ = {isa = PBXBuildFile; fileRef = 850A036788CAC8DA0EEEE06F /* MarketingKitView.swift */; };
		15BDAB1B0AF49847C558A6D5 /* Colors.swift in Sources */ = {isa = PBXBuildFile; fileRef = E9163CE168D33CAFEB6C4463 /* Colors.swift */; };
		16472F46D8B0CC9C933EE865 /* AppleFoundationModelInterpreter.swift in Sources */ = {isa = PBXBuildFile; fileRef = 480D82BA047E5B777F2BA01A /* AppleFoundationModelInterpreter.swift */; };
		17DD9A0D1E21E277686BE4F2 /* Typography.swift in Sources */ = {isa = PBXBuildFile; fileRef = A5037EEF723A7175F22FC332 /* Typography.swift */; };
		1AA94BE049FD05A199338FC0 /* SubscriptionService.swift in Sources */ = {isa = PBXBuildFile; fileRef = 4E09A6F427402F6FE1AC56BD /* SubscriptionService.swift */; };
		1BF9DABFB0B93E0F66FFA25B /* EventUnderstandingTests.swift in Sources */ = {isa = PBXBuildFile; fileRef = 6B6CEAE02011D09BA111F3F6 /* EventUnderstandingTests.swift */; };
		24218EF538592A02C6B197F3 /* AdvisorTests.swift in Sources */ = {isa = PBXBuildFile; fileRef = DFE323656DAE7A805CD2EC71 /* AdvisorTests.swift */; };
		2641DF002417F940C759EEA9 /* ServiceContainer.swift in Sources */ = {isa = PBXBuildFile; fileRef = 3C86BC46FAFA0EDCED3073D8 /* ServiceContainer.swift */; };
		28AF3827AAFB48EFD956D694 /* InterpretationRanker.swift in Sources */ = {isa = PBXBuildFile; fileRef = 7E5FAB10A61B2B540B9CB8CD /* InterpretationRanker.swift */; };
		2903461A55AD5CDE86B8771D /* CalendarRecommendationService.swift in Sources */ = {isa = PBXBuildFile; fileRef = 4DC3BF5CB43096B2E1B3BFB5 /* CalendarRecommendationService.swift */; };
		2E7CDD848102039CE629D592 /* PrivacyCenterView.swift in Sources */ = {isa = PBXBuildFile; fileRef = F2DF75D865F7EA907578C01D /* PrivacyCenterView.swift */; };
		396C5C08D6BE0EACD9E7F7FD /* SampleFlyer.swift in Sources */ = {isa = PBXBuildFile; fileRef = 5DA4842108BB5E2D6333435A /* SampleFlyer.swift */; };
		3E16D4A72175E779CD10D78B /* EventDurationPolicy.swift in Sources */ = {isa = PBXBuildFile; fileRef = 9646C6E197EB5B8F6BC6DD0E /* EventDurationPolicy.swift */; };
		493DF7EF7B486B36B14F0F36 /* SavedEventDetailView.swift in Sources */ = {isa = PBXBuildFile; fileRef = F5BA386EFC39C626817475CD /* SavedEventDetailView.swift */; };
		49C2EAFFA6F8331E735CEF3D /* HomeEmptyStateView.swift in Sources */ = {isa = PBXBuildFile; fileRef = C4AD9CF639664B9DE3B5DD12 /* HomeEmptyStateView.swift */; };
		4A2D0C70CDB207CEDC1774C1 /* ReminderService.swift in Sources */ = {isa = PBXBuildFile; fileRef = 8486FC2D21F8DC8901CCFE21 /* ReminderService.swift */; };
		5369677363BADC9B9C26B8C9 /* ReminderStrategyService.swift in Sources */ = {isa = PBXBuildFile; fileRef = F60822BA3B4B45FCE3F0326E /* ReminderStrategyService.swift */; };
		538963F81E5D0D2B7BCEF827 /* EvidenceValidationTests.swift in Sources */ = {isa = PBXBuildFile; fileRef = C9F042DEA95A5BCDE0A6F3E7 /* EvidenceValidationTests.swift */; };
		6B2F69F41E34FDB7E78BF172 /* EventUnderstandingPipeline.swift in Sources */ = {isa = PBXBuildFile; fileRef = 504B3DC4C54C69736B86F92C /* EventUnderstandingPipeline.swift */; };
		74E627445E3B3C67B4F3860C /* NotificationPermissionDeniedView.swift in Sources */ = {isa = PBXBuildFile; fileRef = FEA10D6A5634F7223DEF4E01 /* NotificationPermissionDeniedView.swift */; };
		7A38BFBE82315D19739970E7 /* DateSnapError.swift in Sources */ = {isa = PBXBuildFile; fileRef = 10AF83B099FE6069C153973C /* DateSnapError.swift */; };
		7B7D41BD5DA9D18DBFAA34F3 /* ContentView.swift in Sources */ = {isa = PBXBuildFile; fileRef = C4E22CF04691A41B571E8F35 /* ContentView.swift */; };
		7C3E0F10FB9FA96696671684 /* EventReviewViewModel.swift in Sources */ = {isa = PBXBuildFile; fileRef = C8C120D1787C5D5AC9DA06FA /* EventReviewViewModel.swift */; };
		7E9E054973D2CA3C104425FF /* EventUnderstandingPipelineTests.swift in Sources */ = {isa = PBXBuildFile; fileRef = 18DE32848B33F7E3A8387111 /* EventUnderstandingPipelineTests.swift */; };
		7ECB154F900BE671A9E3DFE4 /* ScreenGalleryView.swift in Sources */ = {isa = PBXBuildFile; fileRef = 4D99C50F1AD06F38847D0799 /* ScreenGalleryView.swift */; };
		7F6FED3A5F40E8D83D8CF21A /* AutomationSettingsView.swift in Sources */ = {isa = PBXBuildFile; fileRef = 4A952F053D34F9C5CD77FD5A /* AutomationSettingsView.swift */; };
		811C6C138C5020A7563339BE /* EvidenceValidator.swift in Sources */ = {isa = PBXBuildFile; fileRef = C3F224096BFB25D58987AA7F /* EvidenceValidator.swift */; };
		816BFF49C019464FDAC15BF2 /* AppleIntelligenceLiveTests.swift in Sources */ = {isa = PBXBuildFile; fileRef = 5EA98102BA8DCBF41B1D8FA8 /* AppleIntelligenceLiveTests.swift */; };
		8315885156CC87536E5C74A8 /* HomeViewModel.swift in Sources */ = {isa = PBXBuildFile; fileRef = 59D0332FC8103519C12B1473 /* HomeViewModel.swift */; };
		83CDC4B2DB121781788647C4 /* IntelligenceCapabilities.swift in Sources */ = {isa = PBXBuildFile; fileRef = A841137B4F992EC30A732D05 /* IntelligenceCapabilities.swift */; };
		8945E651801D9D15E2B03CFF /* HistoryArchiveView.swift in Sources */ = {isa = PBXBuildFile; fileRef = 66872204135AD2BD7E23BC2B /* HistoryArchiveView.swift */; };
		8D5B692494B4BAB238562664 /* FeatureEntitlements.swift in Sources */ = {isa = PBXBuildFile; fileRef = 49DBB25E8C03100CCBC42E92 /* FeatureEntitlements.swift */; };
		9161835AAC013C2933015950 /* SettingsComponents.swift in Sources */ = {isa = PBXBuildFile; fileRef = 98324FD9FBEDF044D08E7C74 /* SettingsComponents.swift */; };
		91A289C1775B92F7E7188F91 /* PlusPaywallView.swift in Sources */ = {isa = PBXBuildFile; fileRef = 5C37C7D54734D2BFA5AA2148 /* PlusPaywallView.swift */; };
		9682529A6007E3BCE60A0513 /* PhotoLibraryService.swift in Sources */ = {isa = PBXBuildFile; fileRef = 0ED1EA022E2F1FE923840BDF /* PhotoLibraryService.swift */; };
		97624F6D825B5288646EFEDC /* DateSnapInferenceTests.swift in Sources */ = {isa = PBXBuildFile; fileRef = A0A26845AAE032A8E82FC022 /* DateSnapInferenceTests.swift */; };
		981C6559E6FE0BF505849847 /* SwiftDataEntities.swift in Sources */ = {isa = PBXBuildFile; fileRef = 86AB1A5A37117D3CF4611C04 /* SwiftDataEntities.swift */; };
		9C8930EE58404749BB3E78F6 /* SettingsHubView.swift in Sources */ = {isa = PBXBuildFile; fileRef = 74044B5D30A33F4F9E4A3AF4 /* SettingsHubView.swift */; };
		9C944FA4BDFA20C8A3AAE122 /* EventSimilarityService.swift in Sources */ = {isa = PBXBuildFile; fileRef = F0646AB168D094F1ADAFE4C6 /* EventSimilarityService.swift */; };
		9EE9F32932B4E9E19E86A50C /* EventUnderstandingModels.swift in Sources */ = {isa = PBXBuildFile; fileRef = DF50DEB9AE192CF2A3E6DB6F /* EventUnderstandingModels.swift */; };
		A4E666652CFBD8E1B83EE6A7 /* GlassModifiers.swift in Sources */ = {isa = PBXBuildFile; fileRef = F8E6E7FCF7939EDFF497BF7C /* GlassModifiers.swift */; };
		AA5251495F4F2C34754C1F3B /* IntelligenceComposition.swift in Sources */ = {isa = PBXBuildFile; fileRef = 0AAC819368AFC3A098941B88 /* IntelligenceComposition.swift */; };
		B39172338CE3F8DD43464D62 /* HelpFeedbackView.swift in Sources */ = {isa = PBXBuildFile; fileRef = 839348B87F622E293335343F /* HelpFeedbackView.swift */; };
		BFE370ADB0B00ED3C1260AA8 /* SavedEventActions.swift in Sources */ = {isa = PBXBuildFile; fileRef = 9A8D48FAE51305965ABA2B1D /* SavedEventActions.swift */; };
		C0512E4DF782ADEDAFEF59C7 /* ReminderScheduleEditorView.swift in Sources */ = {isa = PBXBuildFile; fileRef = 8653406B93BF387A7E813F4D /* ReminderScheduleEditorView.swift */; };
		C3DFDF41DAFAD2092B94B302 /* AppState.swift in Sources */ = {isa = PBXBuildFile; fileRef = 45AD4F1919BD7DD965C86702 /* AppState.swift */; };
		C59B934D66F046BA477CE755 /* ManagePlanView.swift in Sources */ = {isa = PBXBuildFile; fileRef = 5454EB47254B227A2BC9F812 /* ManagePlanView.swift */; };
		C5A3168EF6AD308047CBEE48 /* DateSnap.swift in Sources */ = {isa = PBXBuildFile; fileRef = 51F925C66B8AD24D4EF607F4 /* DateSnap.swift */; };
		C86D6228C85FF6B05BD3CE86 /* PremiumPaywallView.swift in Sources */ = {isa = PBXBuildFile; fileRef = A43B1D80DD8D30D5F0BC8B97 /* PremiumPaywallView.swift */; };
		CCD77F421B58558AEBADEBEF /* NotificationService.swift in Sources */ = {isa = PBXBuildFile; fileRef = F4CC51E81B43393FEA908592 /* NotificationService.swift */; };
		D11CDE9CA9F1D84076DA767B /* SettingsState.swift in Sources */ = {isa = PBXBuildFile; fileRef = 334BC94863216871AC321BA2 /* SettingsState.swift */; };
		D1C74102F5650FEC390DD4A8 /* CalendarPermissionDeniedView.swift in Sources */ = {isa = PBXBuildFile; fileRef = 31217A0F1B6DC9210F6FB7DF /* CalendarPermissionDeniedView.swift */; };
		DE72A729A3C7F61776BBE0A3 /* EventExtractionService.swift in Sources */ = {isa = PBXBuildFile; fileRef = 98BDF345A5700E51B903D57B /* EventExtractionService.swift */; };
		E13A5968FED78695246A09B3 /* ExtractionEvaluationTests.swift in Sources */ = {isa = PBXBuildFile; fileRef = 2F7503EA25ADAB18F554A5F1 /* ExtractionEvaluationTests.swift */; };
		E1BE92B653B7FE3AB54D63E4 /* EventModels.swift in Sources */ = {isa = PBXBuildFile; fileRef = 5162294B3F95C67021094F5C /* EventModels.swift */; };
		E5CFBD98C2ABE03F45036D2E /* PurchaseViewModel.swift in Sources */ = {isa = PBXBuildFile; fileRef = 1CCBF0B2A0317ADB50009E0B /* PurchaseViewModel.swift */; };
		EBBF0882F1F31CD0CCE0EDAD /* SettingsClusterView.swift in Sources */ = {isa = PBXBuildFile; fileRef = 55B9F0BC8108F6FF8AE5A8D7 /* SettingsClusterView.swift */; };
		EF805E45491A208DA96070E1 /* NoDatesFoundView.swift in Sources */ = {isa = PBXBuildFile; fileRef = 6C947E824B44CADFC33B6AE0 /* NoDatesFoundView.swift */; };
		F310A549C2D314B432619A39 /* DateSnapTests.swift in Sources */ = {isa = PBXBuildFile; fileRef = 840C1D8095EA740354E7FA97 /* DateSnapTests.swift */; };
		F537FB5B3DD349F9706DF5F2 /* ReminderSettingsView.swift in Sources */ = {isa = PBXBuildFile; fileRef = 435B9A5E763375C3CD1F7297 /* ReminderSettingsView.swift */; };
		F823CBD9C7B9A2E84D46A1FB /* RuleBasedEventAnalyzer.swift in Sources */ = {isa = PBXBuildFile; fileRef = 976FACC3562771694A7E4C6D /* RuleBasedEventAnalyzer.swift */; };
		FBAD0106B02D4466D83E9B9F /* PhotoCandidateRanker.swift in Sources */ = {isa = PBXBuildFile; fileRef = 7B0DBE4FD98BB0B9EE5C4080 /* PhotoCandidateRanker.swift */; };
		FE04DAB35021792256A8C174 /* OCRService.swift in Sources */ = {isa = PBXBuildFile; fileRef = 7D5056BDCBFF6FD396B66CD6 /* OCRService.swift */; };
		FE61AD85B12E3F32F56DA538 /* CalendarService.swift in Sources */ = {isa = PBXBuildFile; fileRef = 79832EC061247A46B041CE85 /* CalendarService.swift */; };
		FF7A20129EC62282B783FCB6 /* EventReviewEditView.swift in Sources */ = {isa = PBXBuildFile; fileRef = 95D351A9F1EC999E78CF4BA1 /* EventReviewEditView.swift */; };
/* End PBXBuildFile section */

/* Begin PBXContainerItemProxy section */
		1A8A722BC78F573BA0E435B4 /* PBXContainerItemProxy */ = {
			isa = PBXContainerItemProxy;
			containerPortal = B4BE4EF6B781EF7C856EEB72 /* Project object */;
			proxyType = 1;
			remoteGlobalIDString = 532071A09C74E47713F1E4DA;
			remoteInfo = DateSnap;
		};
/* End PBXContainerItemProxy section */

/* Begin PBXFileReference section */
		0AAC819368AFC3A098941B88 /* IntelligenceComposition.swift */ = {isa = PBXFileReference; lastKnownFileType = sourcecode.swift; path = IntelligenceComposition.swift; sourceTree = "<group>"; };
		0ED1EA022E2F1FE923840BDF /* PhotoLibraryService.swift */ = {isa = PBXFileReference; lastKnownFileType = sourcecode.swift; path = PhotoLibraryService.swift; sourceTree = "<group>"; };
		10AF83B099FE6069C153973C /* DateSnapError.swift */ = {isa = PBXFileReference; lastKnownFileType = sourcecode.swift; path = DateSnapError.swift; sourceTree = "<group>"; };
		18DE32848B33F7E3A8387111 /* EventUnderstandingPipelineTests.swift */ = {isa = PBXFileReference; lastKnownFileType = sourcecode.swift; path = EventUnderstandingPipelineTests.swift; sourceTree = "<group>"; };
		1CCBF0B2A0317ADB50009E0B /* PurchaseViewModel.swift */ = {isa = PBXFileReference; lastKnownFileType = sourcecode.swift; path = PurchaseViewModel.swift; sourceTree = "<group>"; };
		2F7503EA25ADAB18F554A5F1 /* ExtractionEvaluationTests.swift */ = {isa = PBXFileReference; lastKnownFileType = sourcecode.swift; path = ExtractionEvaluationTests.swift; sourceTree = "<group>"; };
		31217A0F1B6DC9210F6FB7DF /* CalendarPermissionDeniedView.swift */ = {isa = PBXFileReference; lastKnownFileType = sourcecode.swift; path = CalendarPermissionDeniedView.swift; sourceTree = "<group>"; };
		334BC94863216871AC321BA2 /* SettingsState.swift */ = {isa = PBXFileReference; lastKnownFileType = sourcecode.swift; path = SettingsState.swift; sourceTree = "<group>"; };
		3C86BC46FAFA0EDCED3073D8 /* ServiceContainer.swift */ = {isa = PBXFileReference; lastKnownFileType = sourcecode.swift; path = ServiceContainer.swift; sourceTree = "<group>"; };
		435B9A5E763375C3CD1F7297 /* ReminderSettingsView.swift */ = {isa = PBXFileReference; lastKnownFileType = sourcecode.swift; path = ReminderSettingsView.swift; sourceTree = "<group>"; };
		4464E4DF303C20C3C4C66759 /* DateSnap.app */ = {isa = PBXFileReference; includeInIndex = 0; lastKnownFileType = wrapper.application; path = DateSnap.app; sourceTree = BUILT_PRODUCTS_DIR; };
		45AD4F1919BD7DD965C86702 /* AppState.swift */ = {isa = PBXFileReference; lastKnownFileType = sourcecode.swift; path = AppState.swift; sourceTree = "<group>"; };
		480D82BA047E5B777F2BA01A /* AppleFoundationModelInterpreter.swift */ = {isa = PBXFileReference; lastKnownFileType = sourcecode.swift; path = AppleFoundationModelInterpreter.swift; sourceTree = "<group>"; };
		49DBB25E8C03100CCBC42E92 /* FeatureEntitlements.swift */ = {isa = PBXFileReference; lastKnownFileType = sourcecode.swift; path = FeatureEntitlements.swift; sourceTree = "<group>"; };
		4A952F053D34F9C5CD77FD5A /* AutomationSettingsView.swift */ = {isa = PBXFileReference; lastKnownFileType = sourcecode.swift; path = AutomationSettingsView.swift; sourceTree = "<group>"; };
		4D99C50F1AD06F38847D0799 /* ScreenGalleryView.swift */ = {isa = PBXFileReference; lastKnownFileType = sourcecode.swift; path = ScreenGalleryView.swift; sourceTree = "<group>"; };
		4DC3BF5CB43096B2E1B3BFB5 /* CalendarRecommendationService.swift */ = {isa = PBXFileReference; lastKnownFileType = sourcecode.swift; path = CalendarRecommendationService.swift; sourceTree = "<group>"; };
		4E09A6F427402F6FE1AC56BD /* SubscriptionService.swift */ = {isa = PBXFileReference; lastKnownFileType = sourcecode.swift; path = SubscriptionService.swift; sourceTree = "<group>"; };
		504B3DC4C54C69736B86F92C /* EventUnderstandingPipeline.swift */ = {isa = PBXFileReference; lastKnownFileType = sourcecode.swift; path = EventUnderstandingPipeline.swift; sourceTree = "<group>"; };
		5162294B3F95C67021094F5C /* EventModels.swift */ = {isa = PBXFileReference; lastKnownFileType = sourcecode.swift; path = EventModels.swift; sourceTree = "<group>"; };
		51F925C66B8AD24D4EF607F4 /* DateSnap.swift */ = {isa = PBXFileReference; lastKnownFileType = sourcecode.swift; path = DateSnap.swift; sourceTree = "<group>"; };
		5454EB47254B227A2BC9F812 /* ManagePlanView.swift */ = {isa = PBXFileReference; lastKnownFileType = sourcecode.swift; path = ManagePlanView.swift; sourceTree = "<group>"; };
		55B9F0BC8108F6FF8AE5A8D7 /* SettingsClusterView.swift */ = {isa = PBXFileReference; lastKnownFileType = sourcecode.swift; path = SettingsClusterView.swift; sourceTree = "<group>"; };
		59D0332FC8103519C12B1473 /* HomeViewModel.swift */ = {isa = PBXFileReference; lastKnownFileType = sourcecode.swift; path = HomeViewModel.swift; sourceTree = "<group>"; };
		5C37C7D54734D2BFA5AA2148 /* PlusPaywallView.swift */ = {isa = PBXFileReference; lastKnownFileType = sourcecode.swift; path = PlusPaywallView.swift; sourceTree = "<group>"; };
		5DA4842108BB5E2D6333435A /* SampleFlyer.swift */ = {isa = PBXFileReference; lastKnownFileType = sourcecode.swift; path = SampleFlyer.swift; sourceTree = "<group>"; };
		5EA98102BA8DCBF41B1D8FA8 /* AppleIntelligenceLiveTests.swift */ = {isa = PBXFileReference; lastKnownFileType = sourcecode.swift; path = AppleIntelligenceLiveTests.swift; sourceTree = "<group>"; };
		66872204135AD2BD7E23BC2B /* HistoryArchiveView.swift */ = {isa = PBXFileReference; lastKnownFileType = sourcecode.swift; path = HistoryArchiveView.swift; sourceTree = "<group>"; };
		6B6CEAE02011D09BA111F3F6 /* EventUnderstandingTests.swift */ = {isa = PBXFileReference; lastKnownFileType = sourcecode.swift; path = EventUnderstandingTests.swift; sourceTree = "<group>"; };
		6C947E824B44CADFC33B6AE0 /* NoDatesFoundView.swift */ = {isa = PBXFileReference; lastKnownFileType = sourcecode.swift; path = NoDatesFoundView.swift; sourceTree = "<group>"; };
		6EE5803848C6949D05762FAD /* InterpretationReviewViews.swift */ = {isa = PBXFileReference; lastKnownFileType = sourcecode.swift; path = InterpretationReviewViews.swift; sourceTree = "<group>"; };
		74044B5D30A33F4F9E4A3AF4 /* SettingsHubView.swift */ = {isa = PBXFileReference; lastKnownFileType = sourcecode.swift; path = SettingsHubView.swift; sourceTree = "<group>"; };
		79832EC061247A46B041CE85 /* CalendarService.swift */ = {isa = PBXFileReference; lastKnownFileType = sourcecode.swift; path = CalendarService.swift; sourceTree = "<group>"; };
		7B0DBE4FD98BB0B9EE5C4080 /* PhotoCandidateRanker.swift */ = {isa = PBXFileReference; lastKnownFileType = sourcecode.swift; path = PhotoCandidateRanker.swift; sourceTree = "<group>"; };
		7D5056BDCBFF6FD396B66CD6 /* OCRService.swift */ = {isa = PBXFileReference; lastKnownFileType = sourcecode.swift; path = OCRService.swift; sourceTree = "<group>"; };
		7E5FAB10A61B2B540B9CB8CD /* InterpretationRanker.swift */ = {isa = PBXFileReference; lastKnownFileType = sourcecode.swift; path = InterpretationRanker.swift; sourceTree = "<group>"; };
		839348B87F622E293335343F /* HelpFeedbackView.swift */ = {isa = PBXFileReference; lastKnownFileType = sourcecode.swift; path = HelpFeedbackView.swift; sourceTree = "<group>"; };
		840C1D8095EA740354E7FA97 /* DateSnapTests.swift */ = {isa = PBXFileReference; lastKnownFileType = sourcecode.swift; path = DateSnapTests.swift; sourceTree = "<group>"; };
		8486FC2D21F8DC8901CCFE21 /* ReminderService.swift */ = {isa = PBXFileReference; lastKnownFileType = sourcecode.swift; path = ReminderService.swift; sourceTree = "<group>"; };
		850A036788CAC8DA0EEEE06F /* MarketingKitView.swift */ = {isa = PBXFileReference; lastKnownFileType = sourcecode.swift; path = MarketingKitView.swift; sourceTree = "<group>"; };
		8653406B93BF387A7E813F4D /* ReminderScheduleEditorView.swift */ = {isa = PBXFileReference; lastKnownFileType = sourcecode.swift; path = ReminderScheduleEditorView.swift; sourceTree = "<group>"; };
		86AB1A5A37117D3CF4611C04 /* SwiftDataEntities.swift */ = {isa = PBXFileReference; lastKnownFileType = sourcecode.swift; path = SwiftDataEntities.swift; sourceTree = "<group>"; };
		95D351A9F1EC999E78CF4BA1 /* EventReviewEditView.swift */ = {isa = PBXFileReference; lastKnownFileType = sourcecode.swift; path = EventReviewEditView.swift; sourceTree = "<group>"; };
		9646C6E197EB5B8F6BC6DD0E /* EventDurationPolicy.swift */ = {isa = PBXFileReference; lastKnownFileType = sourcecode.swift; path = EventDurationPolicy.swift; sourceTree = "<group>"; };
		976FACC3562771694A7E4C6D /* RuleBasedEventAnalyzer.swift */ = {isa = PBXFileReference; lastKnownFileType = sourcecode.swift; path = RuleBasedEventAnalyzer.swift; sourceTree = "<group>"; };
		98324FD9FBEDF044D08E7C74 /* SettingsComponents.swift */ = {isa = PBXFileReference; lastKnownFileType = sourcecode.swift; path = SettingsComponents.swift; sourceTree = "<group>"; };
		98BDF345A5700E51B903D57B /* EventExtractionService.swift */ = {isa = PBXFileReference; lastKnownFileType = sourcecode.swift; path = EventExtractionService.swift; sourceTree = "<group>"; };
		9A8D48FAE51305965ABA2B1D /* SavedEventActions.swift */ = {isa = PBXFileReference; lastKnownFileType = sourcecode.swift; path = SavedEventActions.swift; sourceTree = "<group>"; };
		A0A26845AAE032A8E82FC022 /* DateSnapInferenceTests.swift */ = {isa = PBXFileReference; lastKnownFileType = sourcecode.swift; path = DateSnapInferenceTests.swift; sourceTree = "<group>"; };
		A43B1D80DD8D30D5F0BC8B97 /* PremiumPaywallView.swift */ = {isa = PBXFileReference; lastKnownFileType = sourcecode.swift; path = PremiumPaywallView.swift; sourceTree = "<group>"; };
		A5037EEF723A7175F22FC332 /* Typography.swift */ = {isa = PBXFileReference; lastKnownFileType = sourcecode.swift; path = Typography.swift; sourceTree = "<group>"; };
		A841137B4F992EC30A732D05 /* IntelligenceCapabilities.swift */ = {isa = PBXFileReference; lastKnownFileType = sourcecode.swift; path = IntelligenceCapabilities.swift; sourceTree = "<group>"; };
		A9BE3C61707DF08BEE6EC9B3 /* ScanFlowViews.swift */ = {isa = PBXFileReference; lastKnownFileType = sourcecode.swift; path = ScanFlowViews.swift; sourceTree = "<group>"; };
		AC72F417245B2C15484F57A6 /* DateSnap-Release.xcconfig */ = {isa = PBXFileReference; lastKnownFileType = text.xcconfig; path = "DateSnap-Release.xcconfig"; sourceTree = "<group>"; };
		BCADB942FEA26C318100B80D /* DateSnap-Debug.xcconfig */ = {isa = PBXFileReference; lastKnownFileType = text.xcconfig; path = "DateSnap-Debug.xcconfig"; sourceTree = "<group>"; };
		C3F224096BFB25D58987AA7F /* EvidenceValidator.swift */ = {isa = PBXFileReference; lastKnownFileType = sourcecode.swift; path = EvidenceValidator.swift; sourceTree = "<group>"; };
		C4AD9CF639664B9DE3B5DD12 /* HomeEmptyStateView.swift */ = {isa = PBXFileReference; lastKnownFileType = sourcecode.swift; path = HomeEmptyStateView.swift; sourceTree = "<group>"; };
		C4E22CF04691A41B571E8F35 /* ContentView.swift */ = {isa = PBXFileReference; lastKnownFileType = sourcecode.swift; path = ContentView.swift; sourceTree = "<group>"; };
		C8C120D1787C5D5AC9DA06FA /* EventReviewViewModel.swift */ = {isa = PBXFileReference; lastKnownFileType = sourcecode.swift; path = EventReviewViewModel.swift; sourceTree = "<group>"; };
		C9F042DEA95A5BCDE0A6F3E7 /* EvidenceValidationTests.swift */ = {isa = PBXFileReference; lastKnownFileType = sourcecode.swift; path = EvidenceValidationTests.swift; sourceTree = "<group>"; };
		CAFA1093859A31B599707112 /* InterpretationRecordTests.swift */ = {isa = PBXFileReference; lastKnownFileType = sourcecode.swift; path = InterpretationRecordTests.swift; sourceTree = "<group>"; };
		CB74C190900C646B945427FB /* ScanViewModel.swift */ = {isa = PBXFileReference; lastKnownFileType = sourcecode.swift; path = ScanViewModel.swift; sourceTree = "<group>"; };
		CF8898168BD83A0BF6DA692A /* EventReviewViewModel+Interpretation.swift */ = {isa = PBXFileReference; lastKnownFileType = sourcecode.swift; path = "EventReviewViewModel+Interpretation.swift"; sourceTree = "<group>"; };
		D3798FF039CE3C28B1C54761 /* IntelligencePolicy.swift */ = {isa = PBXFileReference; lastKnownFileType = sourcecode.swift; path = IntelligencePolicy.swift; sourceTree = "<group>"; };
		DF50DEB9AE192CF2A3E6DB6F /* EventUnderstandingModels.swift */ = {isa = PBXFileReference; lastKnownFileType = sourcecode.swift; path = EventUnderstandingModels.swift; sourceTree = "<group>"; };
		DFE323656DAE7A805CD2EC71 /* AdvisorTests.swift */ = {isa = PBXFileReference; lastKnownFileType = sourcecode.swift; path = AdvisorTests.swift; sourceTree = "<group>"; };
		E9163CE168D33CAFEB6C4463 /* Colors.swift */ = {isa = PBXFileReference; lastKnownFileType = sourcecode.swift; path = Colors.swift; sourceTree = "<group>"; };
		F0646AB168D094F1ADAFE4C6 /* EventSimilarityService.swift */ = {isa = PBXFileReference; lastKnownFileType = sourcecode.swift; path = EventSimilarityService.swift; sourceTree = "<group>"; };
		F21A4B11D48075D4C6CC43FC /* DateSnapTests.xctest */ = {isa = PBXFileReference; includeInIndex = 0; lastKnownFileType = wrapper.cfbundle; path = DateSnapTests.xctest; sourceTree = BUILT_PRODUCTS_DIR; };
		F2DF75D865F7EA907578C01D /* PrivacyCenterView.swift */ = {isa = PBXFileReference; lastKnownFileType = sourcecode.swift; path = PrivacyCenterView.swift; sourceTree = "<group>"; };
		F4CC51E81B43393FEA908592 /* NotificationService.swift */ = {isa = PBXFileReference; lastKnownFileType = sourcecode.swift; path = NotificationService.swift; sourceTree = "<group>"; };
		F5BA386EFC39C626817475CD /* SavedEventDetailView.swift */ = {isa = PBXFileReference; lastKnownFileType = sourcecode.swift; path = SavedEventDetailView.swift; sourceTree = "<group>"; };
		F60822BA3B4B45FCE3F0326E /* ReminderStrategyService.swift */ = {isa = PBXFileReference; lastKnownFileType = sourcecode.swift; path = ReminderStrategyService.swift; sourceTree = "<group>"; };
		F8E6E7FCF7939EDFF497BF7C /* GlassModifiers.swift */ = {isa = PBXFileReference; lastKnownFileType = sourcecode.swift; path = GlassModifiers.swift; sourceTree = "<group>"; };
		FEA10D6A5634F7223DEF4E01 /* NotificationPermissionDeniedView.swift */ = {isa = PBXFileReference; lastKnownFileType = sourcecode.swift; path = NotificationPermissionDeniedView.swift; sourceTree = "<group>"; };
/* End PBXFileReference section */

/* Begin PBXGroup section */
		0C2BC9FBB45B0152553CB2A3 /* Products */ = {
			isa = PBXGroup;
			children = (
				4464E4DF303C20C3C4C66759 /* DateSnap.app */,
				F21A4B11D48075D4C6CC43FC /* DateSnapTests.xctest */,
			);
			name = Products;
			sourceTree = "<group>";
		};
		0DF1D506C1A3965E863E82D3 /* Intelligence */ = {
			isa = PBXGroup;
			children = (
				480D82BA047E5B777F2BA01A /* AppleFoundationModelInterpreter.swift */,
				9646C6E197EB5B8F6BC6DD0E /* EventDurationPolicy.swift */,
				DF50DEB9AE192CF2A3E6DB6F /* EventUnderstandingModels.swift */,
				504B3DC4C54C69736B86F92C /* EventUnderstandingPipeline.swift */,
				C3F224096BFB25D58987AA7F /* EvidenceValidator.swift */,
				A841137B4F992EC30A732D05 /* IntelligenceCapabilities.swift */,
				0AAC819368AFC3A098941B88 /* IntelligenceComposition.swift */,
				D3798FF039CE3C28B1C54761 /* IntelligencePolicy.swift */,
				7E5FAB10A61B2B540B9CB8CD /* InterpretationRanker.swift */,
				976FACC3562771694A7E4C6D /* RuleBasedEventAnalyzer.swift */,
			);
			path = Intelligence;
			sourceTree = "<group>";
		};
		18676E1C5366AF58E9597EBA /* Config */ = {
			isa = PBXGroup;
			children = (
				BCADB942FEA26C318100B80D /* DateSnap-Debug.xcconfig */,
				AC72F417245B2C15484F57A6 /* DateSnap-Release.xcconfig */,
			);
			path = Config;
			sourceTree = "<group>";
		};
		251BC23D97E1EC98FB4ACC6F /* Advisors */ = {
			isa = PBXGroup;
			children = (
				4DC3BF5CB43096B2E1B3BFB5 /* CalendarRecommendationService.swift */,
				F0646AB168D094F1ADAFE4C6 /* EventSimilarityService.swift */,
				49DBB25E8C03100CCBC42E92 /* FeatureEntitlements.swift */,
				F60822BA3B4B45FCE3F0326E /* ReminderStrategyService.swift */,
			);
			path = Advisors;
			sourceTree = "<group>";
		};
		34761E9A3B3C0A262C34998D /* DateSnapTests */ = {
			isa = PBXGroup;
			children = (
				DFE323656DAE7A805CD2EC71 /* AdvisorTests.swift */,
				5EA98102BA8DCBF41B1D8FA8 /* AppleIntelligenceLiveTests.swift */,
				A0A26845AAE032A8E82FC022 /* DateSnapInferenceTests.swift */,
				840C1D8095EA740354E7FA97 /* DateSnapTests.swift */,
				18DE32848B33F7E3A8387111 /* EventUnderstandingPipelineTests.swift */,
				6B6CEAE02011D09BA111F3F6 /* EventUnderstandingTests.swift */,
				C9F042DEA95A5BCDE0A6F3E7 /* EvidenceValidationTests.swift */,
				2F7503EA25ADAB18F554A5F1 /* ExtractionEvaluationTests.swift */,
				CAFA1093859A31B599707112 /* InterpretationRecordTests.swift */,
			);
			path = DateSnapTests;
			sourceTree = "<group>";
		};
		424106F2E628056385291F2D /* Services */ = {
			isa = PBXGroup;
			children = (
				79832EC061247A46B041CE85 /* CalendarService.swift */,
				10AF83B099FE6069C153973C /* DateSnapError.swift */,
				98BDF345A5700E51B903D57B /* EventExtractionService.swift */,
				F4CC51E81B43393FEA908592 /* NotificationService.swift */,
				7D5056BDCBFF6FD396B66CD6 /* OCRService.swift */,
				7B0DBE4FD98BB0B9EE5C4080 /* PhotoCandidateRanker.swift */,
				0ED1EA022E2F1FE923840BDF /* PhotoLibraryService.swift */,
				8486FC2D21F8DC8901CCFE21 /* ReminderService.swift */,
				5DA4842108BB5E2D6333435A /* SampleFlyer.swift */,
				9A8D48FAE51305965ABA2B1D /* SavedEventActions.swift */,
				3C86BC46FAFA0EDCED3073D8 /* ServiceContainer.swift */,
				4E09A6F427402F6FE1AC56BD /* SubscriptionService.swift */,
				251BC23D97E1EC98FB4ACC6F /* Advisors */,
				0DF1D506C1A3965E863E82D3 /* Intelligence */,
			);
			path = Services;
			sourceTree = "<group>";
		};
		4641C00E505B63C16F50F473 /* Views */ = {
			isa = PBXGroup;
			children = (
				4A952F053D34F9C5CD77FD5A /* AutomationSettingsView.swift */,
				31217A0F1B6DC9210F6FB7DF /* CalendarPermissionDeniedView.swift */,
				95D351A9F1EC999E78CF4BA1 /* EventReviewEditView.swift */,
				839348B87F622E293335343F /* HelpFeedbackView.swift */,
				66872204135AD2BD7E23BC2B /* HistoryArchiveView.swift */,
				C4AD9CF639664B9DE3B5DD12 /* HomeEmptyStateView.swift */,
				6EE5803848C6949D05762FAD /* InterpretationReviewViews.swift */,
				5454EB47254B227A2BC9F812 /* ManagePlanView.swift */,
				850A036788CAC8DA0EEEE06F /* MarketingKitView.swift */,
				6C947E824B44CADFC33B6AE0 /* NoDatesFoundView.swift */,
				FEA10D6A5634F7223DEF4E01 /* NotificationPermissionDeniedView.swift */,
				5C37C7D54734D2BFA5AA2148 /* PlusPaywallView.swift */,
				A43B1D80DD8D30D5F0BC8B97 /* PremiumPaywallView.swift */,
				F2DF75D865F7EA907578C01D /* PrivacyCenterView.swift */,
				8653406B93BF387A7E813F4D /* ReminderScheduleEditorView.swift */,
				435B9A5E763375C3CD1F7297 /* ReminderSettingsView.swift */,
				F5BA386EFC39C626817475CD /* SavedEventDetailView.swift */,
				A9BE3C61707DF08BEE6EC9B3 /* ScanFlowViews.swift */,
				4D99C50F1AD06F38847D0799 /* ScreenGalleryView.swift */,
				55B9F0BC8108F6FF8AE5A8D7 /* SettingsClusterView.swift */,
				98324FD9FBEDF044D08E7C74 /* SettingsComponents.swift */,
				74044B5D30A33F4F9E4A3AF4 /* SettingsHubView.swift */,
			);
			path = Views;
			sourceTree = "<group>";
		};
		4AA5568DC0B719195B34ECBE /* Tests */ = {
			isa = PBXGroup;
			children = (
				34761E9A3B3C0A262C34998D /* DateSnapTests */,
			);
			path = Tests;
			sourceTree = "<group>";
		};
		5C86BC731056C4EDC1E78DE1 /* ViewModels */ = {
			isa = PBXGroup;
			children = (
				C8C120D1787C5D5AC9DA06FA /* EventReviewViewModel.swift */,
				CF8898168BD83A0BF6DA692A /* EventReviewViewModel+Interpretation.swift */,
				59D0332FC8103519C12B1473 /* HomeViewModel.swift */,
				1CCBF0B2A0317ADB50009E0B /* PurchaseViewModel.swift */,
				CB74C190900C646B945427FB /* ScanViewModel.swift */,
			);
			path = ViewModels;
			sourceTree = "<group>";
		};
		77FBDEE4C8E5E6DA3DC3D9D6 /* Theme */ = {
			isa = PBXGroup;
			children = (
				E9163CE168D33CAFEB6C4463 /* Colors.swift */,
				F8E6E7FCF7939EDFF497BF7C /* GlassModifiers.swift */,
				A5037EEF723A7175F22FC332 /* Typography.swift */,
			);
			path = Theme;
			sourceTree = "<group>";
		};
		9ADAEA65B50E17A042BE1A25 /* Persistence */ = {
			isa = PBXGroup;
			children = (
				86AB1A5A37117D3CF4611C04 /* SwiftDataEntities.swift */,
			);
			path = Persistence;
			sourceTree = "<group>";
		};
		A62A505067573CA6429724D2 = {
			isa = PBXGroup;
			children = (
				18676E1C5366AF58E9597EBA /* Config */,
				CA64075D255C3764C8E15ED1 /* Sources */,
				4AA5568DC0B719195B34ECBE /* Tests */,
				0C2BC9FBB45B0152553CB2A3 /* Products */,
			);
			sourceTree = "<group>";
		};
		AEC869C67B3013AEA428BC3F /* Models */ = {
			isa = PBXGroup;
			children = (
				45AD4F1919BD7DD965C86702 /* AppState.swift */,
				5162294B3F95C67021094F5C /* EventModels.swift */,
				334BC94863216871AC321BA2 /* SettingsState.swift */,
			);
			path = Models;
			sourceTree = "<group>";
		};
		CA64075D255C3764C8E15ED1 /* Sources */ = {
			isa = PBXGroup;
			children = (
				D42B383971EAC5515A767DDE /* DateSnap */,
			);
			path = Sources;
			sourceTree = "<group>";
		};
		D42B383971EAC5515A767DDE /* DateSnap */ = {
			isa = PBXGroup;
			children = (
				C4E22CF04691A41B571E8F35 /* ContentView.swift */,
				51F925C66B8AD24D4EF607F4 /* DateSnap.swift */,
				AEC869C67B3013AEA428BC3F /* Models */,
				9ADAEA65B50E17A042BE1A25 /* Persistence */,
				424106F2E628056385291F2D /* Services */,
				77FBDEE4C8E5E6DA3DC3D9D6 /* Theme */,
				5C86BC731056C4EDC1E78DE1 /* ViewModels */,
				4641C00E505B63C16F50F473 /* Views */,
			);
			path = DateSnap;
			sourceTree = "<group>";
		};
/* End PBXGroup section */

/* Begin PBXNativeTarget section */
		532071A09C74E47713F1E4DA /* DateSnap */ = {
			isa = PBXNativeTarget;
			buildConfigurationList = 7D8273DD5C99B804588C9FC5 /* Build configuration list for PBXNativeTarget "DateSnap" */;
			buildPhases = (
				7957889F6E0C6F5A2090B74F /* Sources */,
			);
			buildRules = (
			);
			dependencies = (
			);
			name = DateSnap;
			packageProductDependencies = (
			);
			productName = DateSnap;
			productReference = 4464E4DF303C20C3C4C66759 /* DateSnap.app */;
			productType = "com.apple.product-type.application";
		};
		C1CF9569442346BC0667F211 /* DateSnapTests */ = {
			isa = PBXNativeTarget;
			buildConfigurationList = 521175AF3B3E6E8C5EB5A8B6 /* Build configuration list for PBXNativeTarget "DateSnapTests" */;
			buildPhases = (
				8801CEFCD884069464AB1331 /* Sources */,
			);
			buildRules = (
			);
			dependencies = (
				8268C36705928334A4F8E677 /* PBXTargetDependency */,
			);
			name = DateSnapTests;
			packageProductDependencies = (
			);
			productName = DateSnapTests;
			productReference = F21A4B11D48075D4C6CC43FC /* DateSnapTests.xctest */;
			productType = "com.apple.product-type.bundle.unit-test";
		};
/* End PBXNativeTarget section */

/* Begin PBXProject section */
		B4BE4EF6B781EF7C856EEB72 /* Project object */ = {
			isa = PBXProject;
			attributes = {
				BuildIndependentTargetsInParallel = YES;
				LastUpgradeCheck = 1430;
				TargetAttributes = {
					532071A09C74E47713F1E4DA = {
						DevelopmentTeam = YOUR_TEAM_ID;
						ProvisioningStyle = Automatic;
					};
					C1CF9569442346BC0667F211 = {
						DevelopmentTeam = YOUR_TEAM_ID;
						ProvisioningStyle = Automatic;
					};
				};
			};
			buildConfigurationList = DB4043609597657C569DFDA0 /* Build configuration list for PBXProject "DateSnap" */;
			developmentRegion = en;
			hasScannedForEncodings = 0;
			knownRegions = (
				Base,
				en,
			);
			mainGroup = A62A505067573CA6429724D2;
			minimizedProjectReferenceProxies = 1;
			preferredProjectObjectVersion = 77;
			productRefGroup = 0C2BC9FBB45B0152553CB2A3 /* Products */;
			projectDirPath = "";
			projectRoot = "";
			targets = (
				532071A09C74E47713F1E4DA /* DateSnap */,
				C1CF9569442346BC0667F211 /* DateSnapTests */,
			);
		};
/* End PBXProject section */

/* Begin PBXSourcesBuildPhase section */
		7957889F6E0C6F5A2090B74F /* Sources */ = {
			isa = PBXSourcesBuildPhase;
			buildActionMask = 2147483647;
			files = (
				C3DFDF41DAFAD2092B94B302 /* AppState.swift in Sources */,
				16472F46D8B0CC9C933EE865 /* AppleFoundationModelInterpreter.swift in Sources */,
				7F6FED3A5F40E8D83D8CF21A /* AutomationSettingsView.swift in Sources */,
				D1C74102F5650FEC390DD4A8 /* CalendarPermissionDeniedView.swift in Sources */,
				2903461A55AD5CDE86B8771D /* CalendarRecommendationService.swift in Sources */,
				FE61AD85B12E3F32F56DA538 /* CalendarService.swift in Sources */,
				15BDAB1B0AF49847C558A6D5 /* Colors.swift in Sources */,
				7B7D41BD5DA9D18DBFAA34F3 /* ContentView.swift in Sources */,
				C5A3168EF6AD308047CBEE48 /* DateSnap.swift in Sources */,
				7A38BFBE82315D19739970E7 /* DateSnapError.swift in Sources */,
				3E16D4A72175E779CD10D78B /* EventDurationPolicy.swift in Sources */,
				DE72A729A3C7F61776BBE0A3 /* EventExtractionService.swift in Sources */,
				E1BE92B653B7FE3AB54D63E4 /* EventModels.swift in Sources */,
				FF7A20129EC62282B783FCB6 /* EventReviewEditView.swift in Sources */,
				08CB0F2787F589C0AABDA003 /* EventReviewViewModel+Interpretation.swift in Sources */,
				7C3E0F10FB9FA96696671684 /* EventReviewViewModel.swift in Sources */,
				9C944FA4BDFA20C8A3AAE122 /* EventSimilarityService.swift in Sources */,
				9EE9F32932B4E9E19E86A50C /* EventUnderstandingModels.swift in Sources */,
				6B2F69F41E34FDB7E78BF172 /* EventUnderstandingPipeline.swift in Sources */,
				811C6C138C5020A7563339BE /* EvidenceValidator.swift in Sources */,
				8D5B692494B4BAB238562664 /* FeatureEntitlements.swift in Sources */,
				A4E666652CFBD8E1B83EE6A7 /* GlassModifiers.swift in Sources */,
				B39172338CE3F8DD43464D62 /* HelpFeedbackView.swift in Sources */,
				8945E651801D9D15E2B03CFF /* HistoryArchiveView.swift in Sources */,
				49C2EAFFA6F8331E735CEF3D /* HomeEmptyStateView.swift in Sources */,
				8315885156CC87536E5C74A8 /* HomeViewModel.swift in Sources */,
				83CDC4B2DB121781788647C4 /* IntelligenceCapabilities.swift in Sources */,
				AA5251495F4F2C34754C1F3B /* IntelligenceComposition.swift in Sources */,
				066CFD400780C1D7BD1ED0AA /* IntelligencePolicy.swift in Sources */,
				28AF3827AAFB48EFD956D694 /* InterpretationRanker.swift in Sources */,
				03A5C309BC062AE97110023D /* InterpretationReviewViews.swift in Sources */,
				C59B934D66F046BA477CE755 /* ManagePlanView.swift in Sources */,
				12B4374B0516C77DCCE73121 /* MarketingKitView.swift in Sources */,
				EF805E45491A208DA96070E1 /* NoDatesFoundView.swift in Sources */,
				74E627445E3B3C67B4F3860C /* NotificationPermissionDeniedView.swift in Sources */,
				CCD77F421B58558AEBADEBEF /* NotificationService.swift in Sources */,
				FE04DAB35021792256A8C174 /* OCRService.swift in Sources */,
				FBAD0106B02D4466D83E9B9F /* PhotoCandidateRanker.swift in Sources */,
				9682529A6007E3BCE60A0513 /* PhotoLibraryService.swift in Sources */,
				91A289C1775B92F7E7188F91 /* PlusPaywallView.swift in Sources */,
				C86D6228C85FF6B05BD3CE86 /* PremiumPaywallView.swift in Sources */,
				2E7CDD848102039CE629D592 /* PrivacyCenterView.swift in Sources */,
				E5CFBD98C2ABE03F45036D2E /* PurchaseViewModel.swift in Sources */,
				C0512E4DF782ADEDAFEF59C7 /* ReminderScheduleEditorView.swift in Sources */,
				4A2D0C70CDB207CEDC1774C1 /* ReminderService.swift in Sources */,
				F537FB5B3DD349F9706DF5F2 /* ReminderSettingsView.swift in Sources */,
				5369677363BADC9B9C26B8C9 /* ReminderStrategyService.swift in Sources */,
				F823CBD9C7B9A2E84D46A1FB /* RuleBasedEventAnalyzer.swift in Sources */,
				396C5C08D6BE0EACD9E7F7FD /* SampleFlyer.swift in Sources */,
				BFE370ADB0B00ED3C1260AA8 /* SavedEventActions.swift in Sources */,
				493DF7EF7B486B36B14F0F36 /* SavedEventDetailView.swift in Sources */,
				071BA06AFB1CA36EB2D65BD1 /* ScanFlowViews.swift in Sources */,
				027612132C13C749817C5B13 /* ScanViewModel.swift in Sources */,
				7ECB154F900BE671A9E3DFE4 /* ScreenGalleryView.swift in Sources */,
				2641DF002417F940C759EEA9 /* ServiceContainer.swift in Sources */,
				EBBF0882F1F31CD0CCE0EDAD /* SettingsClusterView.swift in Sources */,
				9161835AAC013C2933015950 /* SettingsComponents.swift in Sources */,
				9C8930EE58404749BB3E78F6 /* SettingsHubView.swift in Sources */,
				D11CDE9CA9F1D84076DA767B /* SettingsState.swift in Sources */,
				1AA94BE049FD05A199338FC0 /* SubscriptionService.swift in Sources */,
				981C6559E6FE0BF505849847 /* SwiftDataEntities.swift in Sources */,
				17DD9A0D1E21E277686BE4F2 /* Typography.swift in Sources */,
			);
			runOnlyForDeploymentPostprocessing = 0;
		};
		8801CEFCD884069464AB1331 /* Sources */ = {
			isa = PBXSourcesBuildPhase;
			buildActionMask = 2147483647;
			files = (
				24218EF538592A02C6B197F3 /* AdvisorTests.swift in Sources */,
				816BFF49C019464FDAC15BF2 /* AppleIntelligenceLiveTests.swift in Sources */,
				97624F6D825B5288646EFEDC /* DateSnapInferenceTests.swift in Sources */,
				F310A549C2D314B432619A39 /* DateSnapTests.swift in Sources */,
				7E9E054973D2CA3C104425FF /* EventUnderstandingPipelineTests.swift in Sources */,
				1BF9DABFB0B93E0F66FFA25B /* EventUnderstandingTests.swift in Sources */,
				538963F81E5D0D2B7BCEF827 /* EvidenceValidationTests.swift in Sources */,
				E13A5968FED78695246A09B3 /* ExtractionEvaluationTests.swift in Sources */,
				0EC46973BCA434CE74478472 /* InterpretationRecordTests.swift in Sources */,
			);
			runOnlyForDeploymentPostprocessing = 0;
		};
/* End PBXSourcesBuildPhase section */

/* Begin PBXTargetDependency section */
		8268C36705928334A4F8E677 /* PBXTargetDependency */ = {
			isa = PBXTargetDependency;
			target = 532071A09C74E47713F1E4DA /* DateSnap */;
			targetProxy = 1A8A722BC78F573BA0E435B4 /* PBXContainerItemProxy */;
		};
/* End PBXTargetDependency section */

/* Begin XCBuildConfiguration section */
		1BBACB5B8AADAEA5412800B5 /* Release */ = {
			isa = XCBuildConfiguration;
			buildSettings = {
				BUNDLE_LOADER = "$(TEST_HOST)";
				GENERATE_INFOPLIST_FILE = YES;
				PRODUCT_BUNDLE_IDENTIFIER = com.datesnap.app.tests;
				SDKROOT = iphoneos;
				TEST_HOST = "$(BUILT_PRODUCTS_DIR)/DateSnap.app/DateSnap";
			};
			name = Release;
		};
		214B3679665344CCE7ED383D /* Debug */ = {
			isa = XCBuildConfiguration;
			buildSettings = {
				BUNDLE_LOADER = "$(TEST_HOST)";
				GENERATE_INFOPLIST_FILE = YES;
				PRODUCT_BUNDLE_IDENTIFIER = com.datesnap.app.tests;
				SDKROOT = iphoneos;
				TEST_HOST = "$(BUILT_PRODUCTS_DIR)/DateSnap.app/DateSnap";
			};
			name = Debug;
		};
		2BFE80BB74385A70A48EE22D /* Debug */ = {
			isa = XCBuildConfiguration;
			baseConfigurationReference = BCADB942FEA26C318100B80D /* DateSnap-Debug.xcconfig */;
			buildSettings = {
				ALWAYS_SEARCH_USER_PATHS = NO;
				CLANG_ANALYZER_NONNULL = YES;
				CLANG_ANALYZER_NUMBER_OBJECT_CONVERSION = YES_AGGRESSIVE;
				CLANG_CXX_LANGUAGE_STANDARD = "gnu++14";
				CLANG_CXX_LIBRARY = "libc++";
				CLANG_ENABLE_MODULES = YES;
				CLANG_ENABLE_OBJC_ARC = YES;
				CLANG_ENABLE_OBJC_WEAK = YES;
				CLANG_WARN_BLOCK_CAPTURE_AUTORELEASING = YES;
				CLANG_WARN_BOOL_CONVERSION = YES;
				CLANG_WARN_COMMA = YES;
				CLANG_WARN_CONSTANT_CONVERSION = YES;
				CLANG_WARN_DEPRECATED_OBJC_IMPLEMENTATIONS = YES;
				CLANG_WARN_DIRECT_OBJC_ISA_USAGE = YES_ERROR;
				CLANG_WARN_DOCUMENTATION_COMMENTS = YES;
				CLANG_WARN_EMPTY_BODY = YES;
				CLANG_WARN_ENUM_CONVERSION = YES;
				CLANG_WARN_INFINITE_RECURSION = YES;
				CLANG_WARN_INT_CONVERSION = YES;
				CLANG_WARN_NON_LITERAL_NULL_CONVERSION = YES;
				CLANG_WARN_OBJC_IMPLICIT_RETAIN_SELF = YES;
				CLANG_WARN_OBJC_LITERAL_CONVERSION = YES;
				CLANG_WARN_OBJC_ROOT_CLASS = YES_ERROR;
				CLANG_WARN_QUOTED_INCLUDE_IN_FRAMEWORK_HEADER = YES;
				CLANG_WARN_RANGE_LOOP_ANALYSIS = YES;
				CLANG_WARN_STRICT_PROTOTYPES = YES;
				CLANG_WARN_SUSPICIOUS_MOVE = YES;
				CLANG_WARN_UNGUARDED_AVAILABILITY = YES_AGGRESSIVE;
				CLANG_WARN_UNREACHABLE_CODE = YES;
				CLANG_WARN__DUPLICATE_METHOD_MATCH = YES;
				COPY_PHASE_STRIP = NO;
				ENABLE_STRICT_OBJC_MSGSEND = YES;
				GCC_C_LANGUAGE_STANDARD = gnu11;
				GCC_DYNAMIC_NO_PIC = NO;
				GCC_NO_COMMON_BLOCKS = YES;
				GCC_PREPROCESSOR_DEFINITIONS = (
					"$(inherited)",
					"DEBUG=1",
				);
				GCC_WARN_64_TO_32_BIT_CONVERSION = YES;
				GCC_WARN_ABOUT_RETURN_TYPE = YES_ERROR;
				GCC_WARN_UNDECLARED_SELECTOR = YES;
				GCC_WARN_UNINITIALIZED_AUTOS = YES_AGGRESSIVE;
				GCC_WARN_UNUSED_FUNCTION = YES;
				GCC_WARN_UNUSED_VARIABLE = YES;
				MTL_ENABLE_DEBUG_INFO = INCLUDE_SOURCE;
				MTL_FAST_MATH = YES;
				ONLY_ACTIVE_ARCH = YES;
				SDKROOT = iphoneos;
				SWIFT_APPROACHABLE_CONCURRENCY = YES;
				SWIFT_STRICT_CONCURRENCY = complete;
				SWIFT_VERSION = 6.0;
			};
			name = Debug;
		};
		4C67DE9629A6FB48C88C704F /* Debug */ = {
			isa = XCBuildConfiguration;
			buildSettings = {
				ASSETCATALOG_COMPILER_APPICON_NAME = AppIcon;
				ASSETCATALOG_COMPILER_GLOBAL_ACCENT_COLOR_NAME = AccentColor;
				CODE_SIGN_ENTITLEMENTS = DateSnap.entitlements;
				CODE_SIGN_IDENTITY = "iPhone Developer";
				GENERATE_INFOPLIST_FILE = NO;
				INFOPLIST_FILE = Info.plist;
				PRODUCT_BUNDLE_IDENTIFIER = com.datesnap.app;
				SDKROOT = iphoneos;
			};
			name = Debug;
		};
		D47F5CF136E0AA92F8E1F7C8 /* Release */ = {
			isa = XCBuildConfiguration;
			buildSettings = {
				ASSETCATALOG_COMPILER_APPICON_NAME = AppIcon;
				ASSETCATALOG_COMPILER_GLOBAL_ACCENT_COLOR_NAME = AccentColor;
				CODE_SIGN_ENTITLEMENTS = DateSnap.entitlements;
				CODE_SIGN_IDENTITY = "iPhone Developer";
				GENERATE_INFOPLIST_FILE = NO;
				INFOPLIST_FILE = Info.plist;
				PRODUCT_BUNDLE_IDENTIFIER = com.datesnap.app;
				SDKROOT = iphoneos;
			};
			name = Release;
		};
		EAA3550058D2531927EBD4AB /* Release */ = {
			isa = XCBuildConfiguration;
			baseConfigurationReference = AC72F417245B2C15484F57A6 /* DateSnap-Release.xcconfig */;
			buildSettings = {
				ALWAYS_SEARCH_USER_PATHS = NO;
				CLANG_ANALYZER_NONNULL = YES;
				CLANG_ANALYZER_NUMBER_OBJECT_CONVERSION = YES_AGGRESSIVE;
				CLANG_CXX_LANGUAGE_STANDARD = "gnu++14";
				CLANG_CXX_LIBRARY = "libc++";
				CLANG_ENABLE_MODULES = YES;
				CLANG_ENABLE_OBJC_ARC = YES;
				CLANG_ENABLE_OBJC_WEAK = YES;
				CLANG_WARN_BLOCK_CAPTURE_AUTORELEASING = YES;
				CLANG_WARN_BOOL_CONVERSION = YES;
				CLANG_WARN_COMMA = YES;
				CLANG_WARN_CONSTANT_CONVERSION = YES;
				CLANG_WARN_DEPRECATED_OBJC_IMPLEMENTATIONS = YES;
				CLANG_WARN_DIRECT_OBJC_ISA_USAGE = YES_ERROR;
				CLANG_WARN_DOCUMENTATION_COMMENTS = YES;
				CLANG_WARN_EMPTY_BODY = YES;
				CLANG_WARN_ENUM_CONVERSION = YES;
				CLANG_WARN_INFINITE_RECURSION = YES;
				CLANG_WARN_INT_CONVERSION = YES;
				CLANG_WARN_NON_LITERAL_NULL_CONVERSION = YES;
				CLANG_WARN_OBJC_IMPLICIT_RETAIN_SELF = YES;
				CLANG_WARN_OBJC_LITERAL_CONVERSION = YES;
				CLANG_WARN_OBJC_ROOT_CLASS = YES_ERROR;
				CLANG_WARN_QUOTED_INCLUDE_IN_FRAMEWORK_HEADER = YES;
				CLANG_WARN_RANGE_LOOP_ANALYSIS = YES;
				CLANG_WARN_STRICT_PROTOTYPES = YES;
				CLANG_WARN_SUSPICIOUS_MOVE = YES;
				CLANG_WARN_UNGUARDED_AVAILABILITY = YES_AGGRESSIVE;
				CLANG_WARN_UNREACHABLE_CODE = YES;
				CLANG_WARN__DUPLICATE_METHOD_MATCH = YES;
				COPY_PHASE_STRIP = NO;
				ENABLE_NS_ASSERTIONS = NO;
				ENABLE_STRICT_OBJC_MSGSEND = YES;
				GCC_C_LANGUAGE_STANDARD = gnu11;
				GCC_NO_COMMON_BLOCKS = YES;
				GCC_WARN_64_TO_32_BIT_CONVERSION = YES;
				GCC_WARN_ABOUT_RETURN_TYPE = YES_ERROR;
				GCC_WARN_UNDECLARED_SELECTOR = YES;
				GCC_WARN_UNINITIALIZED_AUTOS = YES_AGGRESSIVE;
				GCC_WARN_UNUSED_FUNCTION = YES;
				GCC_WARN_UNUSED_VARIABLE = YES;
				MTL_ENABLE_DEBUG_INFO = NO;
				MTL_FAST_MATH = YES;
				SDKROOT = iphoneos;
				SWIFT_APPROACHABLE_CONCURRENCY = YES;
				SWIFT_STRICT_CONCURRENCY = complete;
				SWIFT_VERSION = 6.0;
			};
			name = Release;
		};
/* End XCBuildConfiguration section */

/* Begin XCConfigurationList section */
		521175AF3B3E6E8C5EB5A8B6 /* Build configuration list for PBXNativeTarget "DateSnapTests" */ = {
			isa = XCConfigurationList;
			buildConfigurations = (
				214B3679665344CCE7ED383D /* Debug */,
				1BBACB5B8AADAEA5412800B5 /* Release */,
			);
			defaultConfigurationIsVisible = 0;
			defaultConfigurationName = Debug;
		};
		7D8273DD5C99B804588C9FC5 /* Build configuration list for PBXNativeTarget "DateSnap" */ = {
			isa = XCConfigurationList;
			buildConfigurations = (
				4C67DE9629A6FB48C88C704F /* Debug */,
				D47F5CF136E0AA92F8E1F7C8 /* Release */,
			);
			defaultConfigurationIsVisible = 0;
			defaultConfigurationName = Debug;
		};
		DB4043609597657C569DFDA0 /* Build configuration list for PBXProject "DateSnap" */ = {
			isa = XCConfigurationList;
			buildConfigurations = (
				2BFE80BB74385A70A48EE22D /* Debug */,
				EAA3550058D2531927EBD4AB /* Release */,
			);
			defaultConfigurationIsVisible = 0;
			defaultConfigurationName = Debug;
		};
/* End XCConfigurationList section */
	};
	rootObject = B4BE4EF6B781EF7C856EEB72 /* Project object */;
}
